github.com/fragmenta/assets v0.0.0-20170106151417-365a66dd5f52 h1:x40LCd8spD6gcZHBPWSUnjjscbM/O75NmvXJslZ4+Ak=
github.com/fragmenta/assets v0.0.0-20170106151417-365a66dd5f52/go.mod h1:jjJP6iPyc6uv5TmUxzabP6qtwuWqMw3k32Zne3vW6Zc=
github.com/fragmenta/auth v1.5.6 h1:cBxZYDfbtMj75tPkr9PVOnM0hSKj7P5Tbm/1a8XcXys=
github.com/fragmenta/auth v1.5.6/go.mod h1:vBhR7wvfdmF3HSxcFzkjkkcjpqhSXGOGe5FMEE737HU=
github.com/fragmenta/mux v1.6.6 h1:5cWUGdtjPQRtOYcKNlbnnaTZRidCKtHMSOfKZ9s7epY=
github.com/fragmenta/mux v1.6.6/go.mod h1:kZalXJ8HxNttNH7XF6mGehgfElEAO0ZubavkPHHmRvQ=
github.com/fragmenta/query v1.5.3 h1:kMMpwJU1+YRrQj4tjkaRRTv5vCTCp1QKZEyZvHM1fw8=
github.com/fragmenta/query v1.5.3/go.mod h1:ABMWhk/Yi+Pr94ZXneHzNW7V/hfWHuQM4i75+Z9ilLc=
github.com/fragmenta/server v1.5.9 h1:zFb5bXjDy6Qf62vX0sPlEoZHhkKIa8cyIEBm+IjfP9M=
github.com/fragmenta/server v1.5.9/go.mod h1:ibY0vYkJYQTjKxRIKtnm264TYkAkarTvA+mSJcHfZJ4=
github.com/fragmenta/view v1.5.6 h1:ymGRcahF9ltJhem6zrI5KHieuIYDUxq4JpU5IOnb2EE=
github.com/fragmenta/view v1.5.6/go.mod h1:emCHewclrV4sA4O8j7z63RyEzQRJXSmW+SUxHqzrNEk=
github.com/go-sql-driver/mysql v1.4.0 h1:7LxgVwFb2hIQtMm87NdgAVfXjnt4OePseqT1tKx+opk=
github.com/go-sql-driver/mysql v1.4.0/go.mod h1:zAC/RDZ24gD3HViQzih4MyKcchzm+sOG5ZlKdlhCg5w=
github.com/golang/protobuf v1.2.0/go.mod h1:6lQm79b+lXiMfvg/cZm0SGofjICqVBUtrP5yJMmIC1U=
github.com/kennygrant/sanitize v1.2.4 h1:gN25/otpP5vAsO2djbMhF/LQX6R7+O1TB4yv8NzpJ3o=
github.com/kennygrant/sanitize v1.2.4/go.mod h1:LGsjYYtgxbetdg5owWB2mpgUL6e2nfw2eObZ0u0qvak=
github.com/lib/pq v1.0.0 h1:X5PMW56eZitiTeO7tKzZxFCSpbFZJtkMMooicw2us9A=
github.com/lib/pq v1.0.0/go.mod h1:5WUZQaWbwv1U+lTReE5YruASi9Al49XbQIvNi/34Woo=
github.com/sendgrid/rest v2.4.1+incompatible h1:HDib/5xzQREPq34lN3YMhQtMkdXxS/qLp5G3k9a5++4=
github.com/sendgrid/rest v2.4.1+incompatible/go.mod h1:kXX7q3jZtJXK5c5qK83bSGMdV6tsOE70KbHoqJls4lE=
github.com/sendgrid/sendgrid-go v3.4.1+incompatible h1:jkXet0CDmdaMZctaF5qELIAFM7eeUx1nh3kMvLejAXk=
github.com/sendgrid/sendgrid-go v3.4.1+incompatible/go.mod h1:QRQt+LX/NmgVEvmdRw0VT/QgUn499+iza2FnDca9fg8=
golang.org/x/crypto v0.0.0-20181001203147-e3636079e1a4 h1:Vk3wNqEZwyGyei9yq5ekj7frek2u7HUfffJ1/opblzc=
golang.org/x/crypto v0.0.0-20181001203147-e3636079e1a4/go.mod h1:6SG95UA2DQfeDnfUPMdvaQW0Q7yPrPDi9nlGo2tz2b4=
golang.org/x/net v0.0.0-20180724234803-3673e40ba225/go.mod h1:mL1N/T3taQHkDXs73rZJwtUhF3w3ftmwwsq0BUmARs4=
golang.org/x/net v0.0.0-20180926154720-4dfa2610cdf3 h1:dgd4x4kJt7G4k4m93AYLzM8Ni6h2qLTfh9n9vXJT3/0=
golang.org/x/net v0.0.0-20180926154720-4dfa2610cdf3/go.mod h1:mL1N/T3taQHkDXs73rZJwtUhF3w3ftmwwsq0BUmARs4=
golang.org/x/text v0.3.0/go.mod h1:NqM8EUOU14njkJ3fqMW+pc6Ldnwhi/IjpwHt7yyuwOQ=
google.golang.org/appengine v1.2.0 h1:S0iUepdCWODXRvtE+gcRDd15L+k+k1AiHlMiMjefH24=
google.golang.org/appengine v1.2.0/go.mod h1:xpcJRLb0r/rnEns0DIKYYv+WjYCduHsrkT7/EB5XEv4=
