github.com/fragmenta/assets v0.0.0-20170106151417-365a66dd5f52 h1:x40LCd8spD6gcZHBPWSUnjjscbM/O75NmvXJslZ4+Ak=
github.com/fragmenta/assets v0.0.0-20170106151417-365a66dd5f52/go.mod h1:jjJP6iPyc6uv5TmUxzabP6qtwuWqMw3k32Zne3vW6Zc=
github.com/fragmenta/auth v1.5.6 h1:cBxZYDfbtMj75tPkr9PVOnM0hSKj7P5Tbm/1a8XcXys=
github.com/fragmenta/auth v1.5.6/go.mod h1:vBhR7wvfdmF3HSxcFzkjkkcjpqhSXGOGe5FMEE737HU=
github.com/fragmenta/mux v1.6.7 h1:7TCYtg7ttMziuCGPRHQF0IhO8bSSGf/x7TdjRLyUFS8=
github.com/fragmenta/mux v1.6.7/go.mod h1:kZalXJ8HxNttNH7XF6mGehgfElEAO0ZubavkPHHmRvQ=
github.com/fragmenta/query v1.5.3 h1:kMMpwJU1+YRrQj4tjkaRRTv5vCTCp1QKZEyZvHM1fw8=
github.com/fragmenta/query v1.5.3/go.mod h1:ABMWhk/Yi+Pr94ZXneHzNW7V/hfWHuQM4i75+Z9ilLc=
github.com/fragmenta/server v1.5.9 h1:zFb5bXjDy6Qf62vX0sPlEoZHhkKIa8cyIEBm+IjfP9M=
github.com/fragmenta/server v1.5.9/go.mod h1:ibY0vYkJYQTjKxRIKtnm264TYkAkarTvA+mSJcHfZJ4=
github.com/fragmenta/view v1.6.2 h1:jkbFo18ajkNW0+Z/H94F7p7bmX7W7kpHgqMxuWTFF3g=
github.com/fragmenta/view v1.6.2/go.mod h1:emCHewclrV4sA4O8j7z63RyEzQRJXSmW+SUxHqzrNEk=
github.com/go-sql-driver/mysql v1.5.0 h1:ozyZYNQW3x3HtqT1jira07DN2PArx2v7/mN66gGcHOs=
github.com/go-sql-driver/mysql v1.5.0/go.mod h1:DCzpHaOWr8IXmIStZouvnhqoel9Qv2LBy8hT2VhHyBg=
github.com/kennygrant/sanitize v1.2.4 h1:gN25/otpP5vAsO2djbMhF/LQX6R7+O1TB4yv8NzpJ3o=
github.com/kennygrant/sanitize v1.2.4/go.mod h1:LGsjYYtgxbetdg5owWB2mpgUL6e2nfw2eObZ0u0qvak=
github.com/lib/pq v1.8.0 h1:9xohqzkUwzR4Ga4ivdTcawVS89YSDVxXMa3xJX3cGzg=
github.com/lib/pq v1.8.0/go.mod h1:AlVN5x4E4T544tWzH6hKfbfQvm3HdbOxrmggDNAPY9o=
github.com/sendgrid/rest v1.0.2 h1:xdfALkR1m9eqf41/zEnUmV0fw4b31ZzGZ4Dj5f2/w04=
github.com/sendgrid/rest v2.6.2+incompatible h1:zGMNhccsPkIc8SvU9x+qdDz2qhFoGUPGGC4mMvTondA=
github.com/sendgrid/rest v2.6.2+incompatible/go.mod h1:kXX7q3jZtJXK5c5qK83bSGMdV6tsOE70KbHoqJls4lE=
github.com/sendgrid/sendgrid-go v1.2.0 h1:2K3teZdhaPe12ftFyFL4AWDH4QmNPc+sCi6mWFx5+oo=
github.com/sendgrid/sendgrid-go v3.7.2+incompatible h1:ePQr9ns8so+28whk+gLKRYiyI5IiCESkDIqy7cjiwLg=
github.com/sendgrid/sendgrid-go v3.7.2+incompatible/go.mod h1:QRQt+LX/NmgVEvmdRw0VT/QgUn499+iza2FnDca9fg8=
golang.org/x/crypto v0.0.0-20190308221718-c2843e01d9a2/go.mod h1:djNgcEr1/C05ACkg1iLfiJU5Ep61QUkGW8qpdssI0+w=
golang.org/x/crypto v0.0.0-20200622213623-75b288015ac9/go.mod h1:LzIPMQfyMNhhGPhUkYOs5KpL4U8rLKemX1yGLhDgUto=
golang.org/x/crypto v0.0.0-20201124201722-c8d3bf9c5392 h1:xYJJ3S178yv++9zXV/hnr29plCAGO9vAFG9dorqaFQc=
golang.org/x/crypto v0.0.0-20201124201722-c8d3bf9c5392/go.mod h1:jdWPYTVW3xRLrWPugEBEK3UY2ZEsg3UU495nc5E+M+I=
golang.org/x/net v0.0.0-20190404232315-eb5bcb51f2a3 h1:0GoQqolDA55aaLxZyTzK/Y2ePZzZTUrRacwib7cNsYQ=
golang.org/x/net v0.0.0-20190404232315-eb5bcb51f2a3/go.mod h1:t9HGtf8HONx5eT2rtn7q6eTqICYqUVnKs3thJo3Qplg=
golang.org/x/net v0.0.0-20201110031124-69a78807bb2b h1:uwuIcX0g4Yl1NC5XAz37xsr2lTtcqevgzYNVt49waME=
golang.org/x/net v0.0.0-20201110031124-69a78807bb2b/go.mod h1:sp8m0HH+o8qH0wwXwYZr8TS3Oi6o0r6Gce1SSxlDquU=
golang.org/x/sys v0.0.0-20190215142949-d0b11bdaac8a/go.mod h1:STP8DvDyc/dI5b8T5hshtkjS+E42TnysNCUPdjciGhY=
golang.org/x/sys v0.0.0-20190412213103-97732733099d/go.mod h1:h1NjWce9XRLGQEsW7wpKNCjG9DtNlClVuFLEZdDNbEs=
golang.org/x/sys v0.0.0-20191026070338-33540a1f6037/go.mod h1:h1NjWce9XRLGQEsW7wpKNCjG9DtNlClVuFLEZdDNbEs=
golang.org/x/sys v0.0.0-20200930185726-fdedc70b468f/go.mod h1:h1NjWce9XRLGQEsW7wpKNCjG9DtNlClVuFLEZdDNbEs=
golang.org/x/term v0.0.0-20201117132131-f5c789dd3221/go.mod h1:Nr5EML6q2oocZ2LXRh80K7BxOlk5/8JxuGnuhpl+muw=
golang.org/x/text v0.3.0 h1:g61tztE5qeGQ89tm6NTjjM9VPIm088od1l6aSorWRWg=
golang.org/x/text v0.3.0/go.mod h1:NqM8EUOU14njkJ3fqMW+pc6Ldnwhi/IjpwHt7yyuwOQ=
golang.org/x/text v0.3.3/go.mod h1:5Zoc/QRtKVWzQhOtBMvqHzDpF6irO9z98xDceosuGiQ=
golang.org/x/text v0.3.4 h1:0YWbFKbhXG/wIiuHDSKpS0Iy7FSA+u45VtBMfQcFTTc=
golang.org/x/text v0.3.4/go.mod h1:5Zoc/QRtKVWzQhOtBMvqHzDpF6irO9z98xDceosuGiQ=
golang.org/x/tools v0.0.0-20180917221912-90fa682c2a6e/go.mod h1:n7NCudcB/nEzxVGmLbDWY5pfWTLqBcC2KZ6jyYvM4mQ=
